// !$*UTF8*$!
{
	archiveVersion = 1;
	classes = {
	};
	objectVersion = 56;
	objects = {

/* Begin PBXBuildFile section */
		9E3A12D72CCC45140003D097 /* Dependencies.swift in Sources */ = {isa = PBXBuildFile; fileRef = 9E3A12D32CCC45140003D097 /* Dependencies.swift */; };
		9E3A12D82CCC45140003D097 /* GameModeType.swift in Sources */ = {isa = PBXBuildFile; fileRef = 9E3A12D42CCC45140003D097 /* GameModeType.swift */; };
		9E3A12D92CCC45140003D097 /* GameContext.swift in Sources */ = {isa = PBXBuildFile; fileRef = 9E3A12D52CCC45140003D097 /* GameContext.swift */; };
		9E3A12DA2CCC45140003D097 /* GameType.swift in Sources */ = {isa = PBXBuildFile; fileRef = 9E3A12D62CCC45140003D097 /* GameType.swift */; };
		9E7B904B2CD00BC200137DE8 /* CTGameContext.swift in Sources */ = {isa = PBXBuildFile; fileRef = 9E7B90452CD00BC200137DE8 /* CTGameContext.swift */; };
		9E7B904D2CD00BC200137DE8 /* CTGameScene.swift in Sources */ = {isa = PBXBuildFile; fileRef = 9E7B90472CD00BC200137DE8 /* CTGameScene.swift */; };
		9E7B90552CD00F4800137DE8 /* CTCarNode.swift in Sources */ = {isa = PBXBuildFile; fileRef = 9E7B90542CD00F4800137DE8 /* CTCarNode.swift */; };
		9E8A88A52CD41CE300FC9ED1 /* CTGameScene.sks in Resources */ = {isa = PBXBuildFile; fileRef = 9E8A88A42CD41CE300FC9ED1 /* CTGameScene.sks */; };
		9E8F39A32CCC358200F418E3 /* Chase2DApp.swift in Sources */ = {isa = PBXBuildFile; fileRef = 9E8F39A22CCC358200F418E3 /* Chase2DApp.swift */; };
		9E8F39A52CCC358200F418E3 /* ContentView.swift in Sources */ = {isa = PBXBuildFile; fileRef = 9E8F39A42CCC358200F418E3 /* ContentView.swift */; };
		9E8F39A72CCC358600F418E3 /* Assets.xcassets in Resources */ = {isa = PBXBuildFile; fileRef = 9E8F39A62CCC358600F418E3 /* Assets.xcassets */; };
		9E8F39AB2CCC358600F418E3 /* Preview Assets.xcassets in Resources */ = {isa = PBXBuildFile; fileRef = 9E8F39AA2CCC358600F418E3 /* Preview Assets.xcassets */; };
		9E8F39B52CCC358700F418E3 /* Chase2DTests.swift in Sources */ = {isa = PBXBuildFile; fileRef = 9E8F39B42CCC358700F418E3 /* Chase2DTests.swift */; };
		9E8F39BF2CCC358700F418E3 /* Chase2DUITests.swift in Sources */ = {isa = PBXBuildFile; fileRef = 9E8F39BE2CCC358700F418E3 /* Chase2DUITests.swift */; };
		9E8F39C12CCC358700F418E3 /* Chase2DUITestsLaunchTests.swift in Sources */ = {isa = PBXBuildFile; fileRef = 9E8F39C02CCC358700F418E3 /* Chase2DUITestsLaunchTests.swift */; };
		9E910F3A2CDAAAAD0080A801 /* CTPedAINode.swift in Sources */ = {isa = PBXBuildFile; fileRef = 9E910F392CDAAAAD0080A801 /* CTPedAINode.swift */; };
		9E910F3C2CDDACD40080A801 /* CTCopNode.swift in Sources */ = {isa = PBXBuildFile; fileRef = 9E910F3B2CDDACD40080A801 /* CTCopNode.swift */; };
		9E910F3E2CDDAE6A0080A801 /* CTCopAINode.swift in Sources */ = {isa = PBXBuildFile; fileRef = 9E910F3D2CDDAE6A0080A801 /* CTCopAINode.swift */; };
		9E9F18F82CD010C80005DE27 /* CTGameInfo.swift in Sources */ = {isa = PBXBuildFile; fileRef = 9E9F18F72CD010C80005DE27 /* CTGameInfo.swift */; };
		9E9F18FA2CD0112B0005DE27 /* CTLayoutInfo.swift in Sources */ = {isa = PBXBuildFile; fileRef = 9E9F18F92CD0112B0005DE27 /* CTLayoutInfo.swift */; };
		9E9F18FC2CD011C50005DE27 /* CTGameIdelState.swift in Sources */ = {isa = PBXBuildFile; fileRef = 9E9F18FB2CD011C50005DE27 /* CTGameIdelState.swift */; };
		9E9F19002CD099930005DE27 /* CTWorldNode.swift in Sources */ = {isa = PBXBuildFile; fileRef = 9E9F18FF2CD099930005DE27 /* CTWorldNode.swift */; };
		9EEE45712CD56EAF00297666 /* CTObstacleNode.swift in Sources */ = {isa = PBXBuildFile; fileRef = 9EEE45702CD56EAF00297666 /* CTObstacleNode.swift */; };
		9EEE45732CD7180200297666 /* CTPhysicsCategory.swift in Sources */ = {isa = PBXBuildFile; fileRef = 9EEE45722CD7180200297666 /* CTPhysicsCategory.swift */; };
		9EEE45752CD7547800297666 /* CTGameOverState.swift in Sources */ = {isa = PBXBuildFile; fileRef = 9EEE45742CD7547800297666 /* CTGameOverState.swift */; };
		9EEE45772CD75F8900297666 /* CTPedCarNode.swift in Sources */ = {isa = PBXBuildFile; fileRef = 9EEE45762CD75F8900297666 /* CTPedCarNode.swift */; };
/* End PBXBuildFile section */

/* Begin PBXContainerItemProxy section */
		9E8F39B12CCC358600F418E3 /* PBXContainerItemProxy */ = {
			isa = PBXContainerItemProxy;
			containerPortal = 9E8F39972CCC358200F418E3 /* Project object */;
			proxyType = 1;
			remoteGlobalIDString = 9E8F399E2CCC358200F418E3;
			remoteInfo = Chase2D;
		};
		9E8F39BB2CCC358700F418E3 /* PBXContainerItemProxy */ = {
			isa = PBXContainerItemProxy;
			containerPortal = 9E8F39972CCC358200F418E3 /* Project object */;
			proxyType = 1;
			remoteGlobalIDString = 9E8F399E2CCC358200F418E3;
			remoteInfo = Chase2D;
		};
/* End PBXContainerItemProxy section */

/* Begin PBXFileReference section */
		1AB93CB82CCD7081004123CF /* README.md */ = {isa = PBXFileReference; lastKnownFileType = net.daringfireball.markdown; path = README.md; sourceTree = "<group>"; };
		9E3A12D32CCC45140003D097 /* Dependencies.swift */ = {isa = PBXFileReference; fileEncoding = 4; lastKnownFileType = sourcecode.swift; path = Dependencies.swift; sourceTree = "<group>"; };
		9E3A12D42CCC45140003D097 /* GameModeType.swift */ = {isa = PBXFileReference; fileEncoding = 4; lastKnownFileType = sourcecode.swift; path = GameModeType.swift; sourceTree = "<group>"; };
		9E3A12D52CCC45140003D097 /* GameContext.swift */ = {isa = PBXFileReference; fileEncoding = 4; lastKnownFileType = sourcecode.swift; path = GameContext.swift; sourceTree = "<group>"; };
		9E3A12D62CCC45140003D097 /* GameType.swift */ = {isa = PBXFileReference; fileEncoding = 4; lastKnownFileType = sourcecode.swift; path = GameType.swift; sourceTree = "<group>"; };
		9E7B90452CD00BC200137DE8 /* CTGameContext.swift */ = {isa = PBXFileReference; fileEncoding = 4; lastKnownFileType = sourcecode.swift; path = CTGameContext.swift; sourceTree = "<group>"; };
		9E7B90472CD00BC200137DE8 /* CTGameScene.swift */ = {isa = PBXFileReference; fileEncoding = 4; lastKnownFileType = sourcecode.swift; path = CTGameScene.swift; sourceTree = "<group>"; };
		9E7B90542CD00F4800137DE8 /* CTCarNode.swift */ = {isa = PBXFileReference; fileEncoding = 4; lastKnownFileType = sourcecode.swift; path = CTCarNode.swift; sourceTree = "<group>"; };
		9E8A88A42CD41CE300FC9ED1 /* CTGameScene.sks */ = {isa = PBXFileReference; lastKnownFileType = file.sks; path = CTGameScene.sks; sourceTree = "<group>"; };
		9E8F399F2CCC358200F418E3 /* Chase2D.app */ = {isa = PBXFileReference; explicitFileType = wrapper.application; includeInIndex = 0; path = Chase2D.app; sourceTree = BUILT_PRODUCTS_DIR; };
		9E8F39A22CCC358200F418E3 /* Chase2DApp.swift */ = {isa = PBXFileReference; lastKnownFileType = sourcecode.swift; path = Chase2DApp.swift; sourceTree = "<group>"; };
		9E8F39A42CCC358200F418E3 /* ContentView.swift */ = {isa = PBXFileReference; lastKnownFileType = sourcecode.swift; path = ContentView.swift; sourceTree = "<group>"; };
		9E8F39A62CCC358600F418E3 /* Assets.xcassets */ = {isa = PBXFileReference; lastKnownFileType = folder.assetcatalog; path = Assets.xcassets; sourceTree = "<group>"; };
		9E8F39A82CCC358600F418E3 /* Chase2D.entitlements */ = {isa = PBXFileReference; lastKnownFileType = text.plist.entitlements; path = Chase2D.entitlements; sourceTree = "<group>"; };
		9E8F39AA2CCC358600F418E3 /* Preview Assets.xcassets */ = {isa = PBXFileReference; lastKnownFileType = folder.assetcatalog; path = "Preview Assets.xcassets"; sourceTree = "<group>"; };
		9E8F39B02CCC358600F418E3 /* Chase2DTests.xctest */ = {isa = PBXFileReference; explicitFileType = wrapper.cfbundle; includeInIndex = 0; path = Chase2DTests.xctest; sourceTree = BUILT_PRODUCTS_DIR; };
		9E8F39B42CCC358700F418E3 /* Chase2DTests.swift */ = {isa = PBXFileReference; lastKnownFileType = sourcecode.swift; path = Chase2DTests.swift; sourceTree = "<group>"; };
		9E8F39BA2CCC358700F418E3 /* Chase2DUITests.xctest */ = {isa = PBXFileReference; explicitFileType = wrapper.cfbundle; includeInIndex = 0; path = Chase2DUITests.xctest; sourceTree = BUILT_PRODUCTS_DIR; };
		9E8F39BE2CCC358700F418E3 /* Chase2DUITests.swift */ = {isa = PBXFileReference; lastKnownFileType = sourcecode.swift; path = Chase2DUITests.swift; sourceTree = "<group>"; };
		9E8F39C02CCC358700F418E3 /* Chase2DUITestsLaunchTests.swift */ = {isa = PBXFileReference; lastKnownFileType = sourcecode.swift; path = Chase2DUITestsLaunchTests.swift; sourceTree = "<group>"; };
		9E910F392CDAAAAD0080A801 /* CTPedAINode.swift */ = {isa = PBXFileReference; lastKnownFileType = sourcecode.swift; path = CTPedAINode.swift; sourceTree = "<group>"; };
		9E910F3B2CDDACD40080A801 /* CTCopNode.swift */ = {isa = PBXFileReference; lastKnownFileType = sourcecode.swift; path = CTCopNode.swift; sourceTree = "<group>"; };
		9E910F3D2CDDAE6A0080A801 /* CTCopAINode.swift */ = {isa = PBXFileReference; lastKnownFileType = sourcecode.swift; path = CTCopAINode.swift; sourceTree = "<group>"; };
		9E9F18F72CD010C80005DE27 /* CTGameInfo.swift */ = {isa = PBXFileReference; lastKnownFileType = sourcecode.swift; name = CTGameInfo.swift; path = Code/CTGameInfo.swift; sourceTree = SOURCE_ROOT; };
		9E9F18F92CD0112B0005DE27 /* CTLayoutInfo.swift */ = {isa = PBXFileReference; lastKnownFileType = sourcecode.swift; name = CTLayoutInfo.swift; path = Code/CTLayoutInfo.swift; sourceTree = SOURCE_ROOT; };
		9E9F18FB2CD011C50005DE27 /* CTGameIdelState.swift */ = {isa = PBXFileReference; lastKnownFileType = sourcecode.swift; path = CTGameIdelState.swift; sourceTree = "<group>"; };
		9E9F18FF2CD099930005DE27 /* CTWorldNode.swift */ = {isa = PBXFileReference; lastKnownFileType = sourcecode.swift; path = CTWorldNode.swift; sourceTree = "<group>"; };
		9EEE45702CD56EAF00297666 /* CTObstacleNode.swift */ = {isa = PBXFileReference; lastKnownFileType = sourcecode.swift; path = CTObstacleNode.swift; sourceTree = "<group>"; };
		9EEE45722CD7180200297666 /* CTPhysicsCategory.swift */ = {isa = PBXFileReference; lastKnownFileType = sourcecode.swift; name = CTPhysicsCategory.swift; path = Code/Nodes/CTPhysicsCategory.swift; sourceTree = SOURCE_ROOT; };
		9EEE45742CD7547800297666 /* CTGameOverState.swift */ = {isa = PBXFileReference; lastKnownFileType = sourcecode.swift; path = CTGameOverState.swift; sourceTree = "<group>"; };
		9EEE45762CD75F8900297666 /* CTPedCarNode.swift */ = {isa = PBXFileReference; lastKnownFileType = sourcecode.swift; path = CTPedCarNode.swift; sourceTree = "<group>"; };
/* End PBXFileReference section */

/* Begin PBXFrameworksBuildPhase section */
		9E8F399C2CCC358200F418E3 /* Frameworks */ = {
			isa = PBXFrameworksBuildPhase;
			buildActionMask = 2147483647;
			files = (
			);
			runOnlyForDeploymentPostprocessing = 0;
		};
		9E8F39AD2CCC358600F418E3 /* Frameworks */ = {
			isa = PBXFrameworksBuildPhase;
			buildActionMask = 2147483647;
			files = (
			);
			runOnlyForDeploymentPostprocessing = 0;
		};
		9E8F39B72CCC358700F418E3 /* Frameworks */ = {
			isa = PBXFrameworksBuildPhase;
			buildActionMask = 2147483647;
			files = (
			);
			runOnlyForDeploymentPostprocessing = 0;
		};
/* End PBXFrameworksBuildPhase section */

/* Begin PBXGroup section */
		9E3A12DB2CCC454B0003D097 /* Code */ = {
			isa = PBXGroup;
			children = (
				9E7B90452CD00BC200137DE8 /* CTGameContext.swift */,
				9E7B90472CD00BC200137DE8 /* CTGameScene.swift */,
				9E9F18F62CD010AF0005DE27 /* Models */,
				9E7B90512CD00EEF00137DE8 /* Helpers */,
				9E7B905E2CD00F7100137DE8 /* States */,
				9E7B90532CD00F4000137DE8 /* Nodes */,
			);
			path = Code;
			sourceTree = "<group>";
		};
		9E3A12DC2CCC455F0003D097 /* Base */ = {
			isa = PBXGroup;
			children = (
				9E3A12D52CCC45140003D097 /* GameContext.swift */,
				9E3A12D32CCC45140003D097 /* Dependencies.swift */,
				9E3A12D42CCC45140003D097 /* GameModeType.swift */,
				9E3A12D62CCC45140003D097 /* GameType.swift */,
			);
			path = Base;
			sourceTree = "<group>";
		};
		9E3A12DD2CCC45650003D097 /* Assets */ = {
			isa = PBXGroup;
			children = (
				9E8F39A62CCC358600F418E3 /* Assets.xcassets */,
				9E8A88A42CD41CE300FC9ED1 /* CTGameScene.sks */,
			);
			path = Assets;
			sourceTree = "<group>";
		};
		9E7B90512CD00EEF00137DE8 /* Helpers */ = {
			isa = PBXGroup;
			children = (
				9E9F18F72CD010C80005DE27 /* CTGameInfo.swift */,
				9E9F18F92CD0112B0005DE27 /* CTLayoutInfo.swift */,
			);
			path = Helpers;
			sourceTree = "<group>";
		};
		9E7B90532CD00F4000137DE8 /* Nodes */ = {
			isa = PBXGroup;
			children = (
				9E7B90542CD00F4800137DE8 /* CTCarNode.swift */,
				9E9F18FF2CD099930005DE27 /* CTWorldNode.swift */,
				9EEE45702CD56EAF00297666 /* CTObstacleNode.swift */,
				9EEE45762CD75F8900297666 /* CTPedCarNode.swift */,
				9E910F392CDAAAAD0080A801 /* CTPedAINode.swift */,
				9E910F3B2CDDACD40080A801 /* CTCopNode.swift */,
				9E910F3D2CDDAE6A0080A801 /* CTCopAINode.swift */,
			);
			path = Nodes;
			sourceTree = "<group>";
		};
		9E7B905E2CD00F7100137DE8 /* States */ = {
			isa = PBXGroup;
			children = (
				9E9F18FB2CD011C50005DE27 /* CTGameIdelState.swift */,
				9EEE45742CD7547800297666 /* CTGameOverState.swift */,
			);
			path = States;
			sourceTree = "<group>";
		};
		9E8F39962CCC358200F418E3 = {
			isa = PBXGroup;
			children = (
				9E3A12DC2CCC455F0003D097 /* Base */,
				9E3A12DD2CCC45650003D097 /* Assets */,
				9E3A12DB2CCC454B0003D097 /* Code */,
				9E8F39A12CCC358200F418E3 /* Chase2D */,
				9E8F39B32CCC358600F418E3 /* Chase2DTests */,
				9E8F39BD2CCC358700F418E3 /* Chase2DUITests */,
				9E8F39A02CCC358200F418E3 /* Products */,
				1AB93CB82CCD7081004123CF /* README.md */,
			);
			sourceTree = "<group>";
		};
		9E8F39A02CCC358200F418E3 /* Products */ = {
			isa = PBXGroup;
			children = (
				9E8F399F2CCC358200F418E3 /* Chase2D.app */,
				9E8F39B02CCC358600F418E3 /* Chase2DTests.xctest */,
				9E8F39BA2CCC358700F418E3 /* Chase2DUITests.xctest */,
			);
			name = Products;
			sourceTree = "<group>";
		};
		9E8F39A12CCC358200F418E3 /* Chase2D */ = {
			isa = PBXGroup;
			children = (
				9E8F39A22CCC358200F418E3 /* Chase2DApp.swift */,
				9E8F39A42CCC358200F418E3 /* ContentView.swift */,
				9E8F39A82CCC358600F418E3 /* Chase2D.entitlements */,
				9E8F39A92CCC358600F418E3 /* Preview Content */,
			);
			path = Chase2D;
			sourceTree = "<group>";
		};
		9E8F39A92CCC358600F418E3 /* Preview Content */ = {
			isa = PBXGroup;
			children = (
				9E8F39AA2CCC358600F418E3 /* Preview Assets.xcassets */,
			);
			path = "Preview Content";
			sourceTree = "<group>";
		};
		9E8F39B32CCC358600F418E3 /* Chase2DTests */ = {
			isa = PBXGroup;
			children = (
				9E8F39B42CCC358700F418E3 /* Chase2DTests.swift */,
			);
			path = Chase2DTests;
			sourceTree = "<group>";
		};
		9E8F39BD2CCC358700F418E3 /* Chase2DUITests */ = {
			isa = PBXGroup;
			children = (
				9E8F39BE2CCC358700F418E3 /* Chase2DUITests.swift */,
				9E8F39C02CCC358700F418E3 /* Chase2DUITestsLaunchTests.swift */,
			);
			path = Chase2DUITests;
			sourceTree = "<group>";
		};
		9E9F18F62CD010AF0005DE27 /* Models */ = {
			isa = PBXGroup;
			children = (
				9EEE45722CD7180200297666 /* CTPhysicsCategory.swift */,
			);
			path = Models;
			sourceTree = "<group>";
		};
/* End PBXGroup section */

/* Begin PBXNativeTarget section */
		9E8F399E2CCC358200F418E3 /* Chase2D */ = {
			isa = PBXNativeTarget;
			buildConfigurationList = 9E8F39C42CCC358700F418E3 /* Build configuration list for PBXNativeTarget "Chase2D" */;
			buildPhases = (
				9E8F399B2CCC358200F418E3 /* Sources */,
				9E8F399C2CCC358200F418E3 /* Frameworks */,
				9E8F399D2CCC358200F418E3 /* Resources */,
			);
			buildRules = (
			);
			dependencies = (
			);
			name = Chase2D;
			productName = Chase2D;
			productReference = 9E8F399F2CCC358200F418E3 /* Chase2D.app */;
			productType = "com.apple.product-type.application";
		};
		9E8F39AF2CCC358600F418E3 /* Chase2DTests */ = {
			isa = PBXNativeTarget;
			buildConfigurationList = 9E8F39C72CCC358700F418E3 /* Build configuration list for PBXNativeTarget "Chase2DTests" */;
			buildPhases = (
				9E8F39AC2CCC358600F418E3 /* Sources */,
				9E8F39AD2CCC358600F418E3 /* Frameworks */,
				9E8F39AE2CCC358600F418E3 /* Resources */,
			);
			buildRules = (
			);
			dependencies = (
				9E8F39B22CCC358600F418E3 /* PBXTargetDependency */,
			);
			name = Chase2DTests;
			productName = Chase2DTests;
			productReference = 9E8F39B02CCC358600F418E3 /* Chase2DTests.xctest */;
			productType = "com.apple.product-type.bundle.unit-test";
		};
		9E8F39B92CCC358700F418E3 /* Chase2DUITests */ = {
			isa = PBXNativeTarget;
			buildConfigurationList = 9E8F39CA2CCC358700F418E3 /* Build configuration list for PBXNativeTarget "Chase2DUITests" */;
			buildPhases = (
				9E8F39B62CCC358700F418E3 /* Sources */,
				9E8F39B72CCC358700F418E3 /* Frameworks */,
				9E8F39B82CCC358700F418E3 /* Resources */,
			);
			buildRules = (
			);
			dependencies = (
				9E8F39BC2CCC358700F418E3 /* PBXTargetDependency */,
			);
			name = Chase2DUITests;
			productName = Chase2DUITests;
			productReference = 9E8F39BA2CCC358700F418E3 /* Chase2DUITests.xctest */;
			productType = "com.apple.product-type.bundle.ui-testing";
		};
/* End PBXNativeTarget section */

/* Begin PBXProject section */
		9E8F39972CCC358200F418E3 /* Project object */ = {
			isa = PBXProject;
			attributes = {
				BuildIndependentTargetsInParallel = 1;
				LastSwiftUpdateCheck = 1420;
				LastUpgradeCheck = 1420;
				TargetAttributes = {
					9E8F399E2CCC358200F418E3 = {
						CreatedOnToolsVersion = 14.2;
					};
					9E8F39AF2CCC358600F418E3 = {
						CreatedOnToolsVersion = 14.2;
						TestTargetID = 9E8F399E2CCC358200F418E3;
					};
					9E8F39B92CCC358700F418E3 = {
						CreatedOnToolsVersion = 14.2;
						TestTargetID = 9E8F399E2CCC358200F418E3;
					};
				};
			};
			buildConfigurationList = 9E8F399A2CCC358200F418E3 /* Build configuration list for PBXProject "Chase2D" */;
			compatibilityVersion = "Xcode 14.0";
			developmentRegion = en;
			hasScannedForEncodings = 0;
			knownRegions = (
				en,
				Base,
			);
			mainGroup = 9E8F39962CCC358200F418E3;
			productRefGroup = 9E8F39A02CCC358200F418E3 /* Products */;
			projectDirPath = "";
			projectRoot = "";
			targets = (
				9E8F399E2CCC358200F418E3 /* Chase2D */,
				9E8F39AF2CCC358600F418E3 /* Chase2DTests */,
				9E8F39B92CCC358700F418E3 /* Chase2DUITests */,
			);
		};
/* End PBXProject section */

/* Begin PBXResourcesBuildPhase section */
		9E8F399D2CCC358200F418E3 /* Resources */ = {
			isa = PBXResourcesBuildPhase;
			buildActionMask = 2147483647;
			files = (
				9E8F39AB2CCC358600F418E3 /* Preview Assets.xcassets in Resources */,
				9E8F39A72CCC358600F418E3 /* Assets.xcassets in Resources */,
				9E8A88A52CD41CE300FC9ED1 /* CTGameScene.sks in Resources */,
			);
			runOnlyForDeploymentPostprocessing = 0;
		};
		9E8F39AE2CCC358600F418E3 /* Resources */ = {
			isa = PBXResourcesBuildPhase;
			buildActionMask = 2147483647;
			files = (
			);
			runOnlyForDeploymentPostprocessing = 0;
		};
		9E8F39B82CCC358700F418E3 /* Resources */ = {
			isa = PBXResourcesBuildPhase;
			buildActionMask = 2147483647;
			files = (
			);
			runOnlyForDeploymentPostprocessing = 0;
		};
/* End PBXResourcesBuildPhase section */

/* Begin PBXSourcesBuildPhase section */
		9E8F399B2CCC358200F418E3 /* Sources */ = {
			isa = PBXSourcesBuildPhase;
			buildActionMask = 2147483647;
			files = (
				9E9F18FA2CD0112B0005DE27 /* CTLayoutInfo.swift in Sources */,
				9E7B904B2CD00BC200137DE8 /* CTGameContext.swift in Sources */,
				9E3A12D72CCC45140003D097 /* Dependencies.swift in Sources */,
				9E7B90552CD00F4800137DE8 /* CTCarNode.swift in Sources */,
				9EEE45732CD7180200297666 /* CTPhysicsCategory.swift in Sources */,
				9E3A12D92CCC45140003D097 /* GameContext.swift in Sources */,
				9E8F39A52CCC358200F418E3 /* ContentView.swift in Sources */,
				9E910F3A2CDAAAAD0080A801 /* CTPedAINode.swift in Sources */,
				9E9F18F82CD010C80005DE27 /* CTGameInfo.swift in Sources */,
				9E910F3C2CDDACD40080A801 /* CTCopNode.swift in Sources */,
				9E7B904D2CD00BC200137DE8 /* CTGameScene.swift in Sources */,
				9E9F18FC2CD011C50005DE27 /* CTGameIdelState.swift in Sources */,
				9EEE45772CD75F8900297666 /* CTPedCarNode.swift in Sources */,
				9E910F3E2CDDAE6A0080A801 /* CTCopAINode.swift in Sources */,
				9E3A12D82CCC45140003D097 /* GameModeType.swift in Sources */,
				9E8F39A32CCC358200F418E3 /* Chase2DApp.swift in Sources */,
				9EEE45712CD56EAF00297666 /* CTObstacleNode.swift in Sources */,
				9E3A12DA2CCC45140003D097 /* GameType.swift in Sources */,
				9EEE45752CD7547800297666 /* CTGameOverState.swift in Sources */,
				9E9F19002CD099930005DE27 /* CTWorldNode.swift in Sources */,
			);
			runOnlyForDeploymentPostprocessing = 0;
		};
		9E8F39AC2CCC358600F418E3 /* Sources */ = {
			isa = PBXSourcesBuildPhase;
			buildActionMask = 2147483647;
			files = (
				9E8F39B52CCC358700F418E3 /* Chase2DTests.swift in Sources */,
			);
			runOnlyForDeploymentPostprocessing = 0;
		};
		9E8F39B62CCC358700F418E3 /* Sources */ = {
			isa = PBXSourcesBuildPhase;
			buildActionMask = 2147483647;
			files = (
				9E8F39BF2CCC358700F418E3 /* Chase2DUITests.swift in Sources */,
				9E8F39C12CCC358700F418E3 /* Chase2DUITestsLaunchTests.swift in Sources */,
			);
			runOnlyForDeploymentPostprocessing = 0;
		};
/* End PBXSourcesBuildPhase section */

/* Begin PBXTargetDependency section */
		9E8F39B22CCC358600F418E3 /* PBXTargetDependency */ = {
			isa = PBXTargetDependency;
			target = 9E8F399E2CCC358200F418E3 /* Chase2D */;
			targetProxy = 9E8F39B12CCC358600F418E3 /* PBXContainerItemProxy */;
		};
		9E8F39BC2CCC358700F418E3 /* PBXTargetDependency */ = {
			isa = PBXTargetDependency;
			target = 9E8F399E2CCC358200F418E3 /* Chase2D */;
			targetProxy = 9E8F39BB2CCC358700F418E3 /* PBXContainerItemProxy */;
		};
/* End PBXTargetDependency section */

/* Begin XCBuildConfiguration section */
		9E8F39C22CCC358700F418E3 /* Debug */ = {
			isa = XCBuildConfiguration;
			buildSettings = {
				ALWAYS_SEARCH_USER_PATHS = NO;
				CLANG_ANALYZER_NONNULL = YES;
				CLANG_ANALYZER_NUMBER_OBJECT_CONVERSION = YES_AGGRESSIVE;
				CLANG_CXX_LANGUAGE_STANDARD = "gnu++20";
				CLANG_ENABLE_MODULES = YES;
				CLANG_ENABLE_OBJC_ARC = YES;
				CLANG_ENABLE_OBJC_WEAK = YES;
				CLANG_WARN_BLOCK_CAPTURE_AUTORELEASING = YES;
				CLANG_WARN_BOOL_CONVERSION = YES;
				CLANG_WARN_COMMA = YES;
				CLANG_WARN_CONSTANT_CONVERSION = YES;
				CLANG_WARN_DEPRECATED_OBJC_IMPLEMENTATIONS = YES;
				CLANG_WARN_DIRECT_OBJC_ISA_USAGE = YES_ERROR;
				CLANG_WARN_DOCUMENTATION_COMMENTS = YES;
				CLANG_WARN_EMPTY_BODY = YES;
				CLANG_WARN_ENUM_CONVERSION = YES;
				CLANG_WARN_INFINITE_RECURSION = YES;
				CLANG_WARN_INT_CONVERSION = YES;
				CLANG_WARN_NON_LITERAL_NULL_CONVERSION = YES;
				CLANG_WARN_OBJC_IMPLICIT_RETAIN_SELF = YES;
				CLANG_WARN_OBJC_LITERAL_CONVERSION = YES;
				CLANG_WARN_OBJC_ROOT_CLASS = YES_ERROR;
				CLANG_WARN_QUOTED_INCLUDE_IN_FRAMEWORK_HEADER = YES;
				CLANG_WARN_RANGE_LOOP_ANALYSIS = YES;
				CLANG_WARN_STRICT_PROTOTYPES = YES;
				CLANG_WARN_SUSPICIOUS_MOVE = YES;
				CLANG_WARN_UNGUARDED_AVAILABILITY = YES_AGGRESSIVE;
				CLANG_WARN_UNREACHABLE_CODE = YES;
				CLANG_WARN__DUPLICATE_METHOD_MATCH = YES;
				COPY_PHASE_STRIP = NO;
				DEBUG_INFORMATION_FORMAT = dwarf;
				ENABLE_STRICT_OBJC_MSGSEND = YES;
				ENABLE_TESTABILITY = YES;
				GCC_C_LANGUAGE_STANDARD = gnu11;
				GCC_DYNAMIC_NO_PIC = NO;
				GCC_NO_COMMON_BLOCKS = YES;
				GCC_OPTIMIZATION_LEVEL = 0;
				GCC_PREPROCESSOR_DEFINITIONS = (
					"DEBUG=1",
					"$(inherited)",
				);
				GCC_WARN_64_TO_32_BIT_CONVERSION = YES;
				GCC_WARN_ABOUT_RETURN_TYPE = YES_ERROR;
				GCC_WARN_UNDECLARED_SELECTOR = YES;
				GCC_WARN_UNINITIALIZED_AUTOS = YES_AGGRESSIVE;
				GCC_WARN_UNUSED_FUNCTION = YES;
				GCC_WARN_UNUSED_VARIABLE = YES;
				MTL_ENABLE_DEBUG_INFO = INCLUDE_SOURCE;
				MTL_FAST_MATH = YES;
				ONLY_ACTIVE_ARCH = YES;
				SWIFT_ACTIVE_COMPILATION_CONDITIONS = DEBUG;
				SWIFT_OPTIMIZATION_LEVEL = "-Onone";
			};
			name = Debug;
		};
		9E8F39C32CCC358700F418E3 /* Release */ = {
			isa = XCBuildConfiguration;
			buildSettings = {
				ALWAYS_SEARCH_USER_PATHS = NO;
				CLANG_ANALYZER_NONNULL = YES;
				CLANG_ANALYZER_NUMBER_OBJECT_CONVERSION = YES_AGGRESSIVE;
				CLANG_CXX_LANGUAGE_STANDARD = "gnu++20";
				CLANG_ENABLE_MODULES = YES;
				CLANG_ENABLE_OBJC_ARC = YES;
				CLANG_ENABLE_OBJC_WEAK = YES;
				CLANG_WARN_BLOCK_CAPTURE_AUTORELEASING = YES;
				CLANG_WARN_BOOL_CONVERSION = YES;
				CLANG_WARN_COMMA = YES;
				CLANG_WARN_CONSTANT_CONVERSION = YES;
				CLANG_WARN_DEPRECATED_OBJC_IMPLEMENTATIONS = YES;
				CLANG_WARN_DIRECT_OBJC_ISA_USAGE = YES_ERROR;
				CLANG_WARN_DOCUMENTATION_COMMENTS = YES;
				CLANG_WARN_EMPTY_BODY = YES;
				CLANG_WARN_ENUM_CONVERSION = YES;
				CLANG_WARN_INFINITE_RECURSION = YES;
				CLANG_WARN_INT_CONVERSION = YES;
				CLANG_WARN_NON_LITERAL_NULL_CONVERSION = YES;
				CLANG_WARN_OBJC_IMPLICIT_RETAIN_SELF = YES;
				CLANG_WARN_OBJC_LITERAL_CONVERSION = YES;
				CLANG_WARN_OBJC_ROOT_CLASS = YES_ERROR;
				CLANG_WARN_QUOTED_INCLUDE_IN_FRAMEWORK_HEADER = YES;
				CLANG_WARN_RANGE_LOOP_ANALYSIS = YES;
				CLANG_WARN_STRICT_PROTOTYPES = YES;
				CLANG_WARN_SUSPICIOUS_MOVE = YES;
				CLANG_WARN_UNGUARDED_AVAILABILITY = YES_AGGRESSIVE;
				CLANG_WARN_UNREACHABLE_CODE = YES;
				CLANG_WARN__DUPLICATE_METHOD_MATCH = YES;
				COPY_PHASE_STRIP = NO;
				DEBUG_INFORMATION_FORMAT = "dwarf-with-dsym";
				ENABLE_NS_ASSERTIONS = NO;
				ENABLE_STRICT_OBJC_MSGSEND = YES;
				GCC_C_LANGUAGE_STANDARD = gnu11;
				GCC_NO_COMMON_BLOCKS = YES;
				GCC_WARN_64_TO_32_BIT_CONVERSION = YES;
				GCC_WARN_ABOUT_RETURN_TYPE = YES_ERROR;
				GCC_WARN_UNDECLARED_SELECTOR = YES;
				GCC_WARN_UNINITIALIZED_AUTOS = YES_AGGRESSIVE;
				GCC_WARN_UNUSED_FUNCTION = YES;
				GCC_WARN_UNUSED_VARIABLE = YES;
				MTL_ENABLE_DEBUG_INFO = NO;
				MTL_FAST_MATH = YES;
				SWIFT_COMPILATION_MODE = wholemodule;
				SWIFT_OPTIMIZATION_LEVEL = "-O";
			};
			name = Release;
		};
		9E8F39C52CCC358700F418E3 /* Debug */ = {
			isa = XCBuildConfiguration;
			buildSettings = {
				ASSETCATALOG_COMPILER_APPICON_NAME = AppIcon;
				ASSETCATALOG_COMPILER_GLOBAL_ACCENT_COLOR_NAME = AccentColor;
				CODE_SIGN_ENTITLEMENTS = Chase2D/Chase2D.entitlements;
				CODE_SIGN_STYLE = Automatic;
				CURRENT_PROJECT_VERSION = 1;
				DEVELOPMENT_ASSET_PATHS = "\"Chase2D/Preview Content\"";
				ENABLE_PREVIEWS = YES;
				GENERATE_INFOPLIST_FILE = YES;
				"INFOPLIST_KEY_UIApplicationSceneManifest_Generation[sdk=iphoneos*]" = YES;
				"INFOPLIST_KEY_UIApplicationSceneManifest_Generation[sdk=iphonesimulator*]" = YES;
				"INFOPLIST_KEY_UIApplicationSupportsIndirectInputEvents[sdk=iphoneos*]" = YES;
				"INFOPLIST_KEY_UIApplicationSupportsIndirectInputEvents[sdk=iphonesimulator*]" = YES;
				"INFOPLIST_KEY_UILaunchScreen_Generation[sdk=iphoneos*]" = YES;
				"INFOPLIST_KEY_UILaunchScreen_Generation[sdk=iphonesimulator*]" = YES;
				"INFOPLIST_KEY_UIStatusBarStyle[sdk=iphoneos*]" = UIStatusBarStyleDefault;
				"INFOPLIST_KEY_UIStatusBarStyle[sdk=iphonesimulator*]" = UIStatusBarStyleDefault;
				INFOPLIST_KEY_UISupportedInterfaceOrientations_iPad = "UIInterfaceOrientationPortrait UIInterfaceOrientationPortraitUpsideDown UIInterfaceOrientationLandscapeLeft UIInterfaceOrientationLandscapeRight";
				INFOPLIST_KEY_UISupportedInterfaceOrientations_iPhone = "UIInterfaceOrientationPortrait UIInterfaceOrientationLandscapeLeft UIInterfaceOrientationLandscapeRight";
				IPHONEOS_DEPLOYMENT_TARGET = 16.2;
				LD_RUNPATH_SEARCH_PATHS = "@executable_path/Frameworks";
				"LD_RUNPATH_SEARCH_PATHS[sdk=macosx*]" = "@executable_path/../Frameworks";
				MACOSX_DEPLOYMENT_TARGET = 12.7;
				MARKETING_VERSION = 1.0;
				PRODUCT_BUNDLE_IDENTIFIER = com.hyel.Chase2D;
				PRODUCT_NAME = "$(TARGET_NAME)";
				SDKROOT = auto;
				SUPPORTED_PLATFORMS = "iphoneos iphonesimulator macosx";
				SWIFT_EMIT_LOC_STRINGS = YES;
				SWIFT_VERSION = 5.0;
				TARGETED_DEVICE_FAMILY = "1,2";
			};
			name = Debug;
		};
		9E8F39C62CCC358700F418E3 /* Release */ = {
			isa = XCBuildConfiguration;
			buildSettings = {
				ASSETCATALOG_COMPILER_APPICON_NAME = AppIcon;
				ASSETCATALOG_COMPILER_GLOBAL_ACCENT_COLOR_NAME = AccentColor;
				CODE_SIGN_ENTITLEMENTS = Chase2D/Chase2D.entitlements;
				CODE_SIGN_STYLE = Automatic;
				CURRENT_PROJECT_VERSION = 1;
				DEVELOPMENT_ASSET_PATHS = "\"Chase2D/Preview Content\"";
				ENABLE_PREVIEWS = YES;
				GENERATE_INFOPLIST_FILE = YES;
				"INFOPLIST_KEY_UIApplicationSceneManifest_Generation[sdk=iphoneos*]" = YES;
				"INFOPLIST_KEY_UIApplicationSceneManifest_Generation[sdk=iphonesimulator*]" = YES;
				"INFOPLIST_KEY_UIApplicationSupportsIndirectInputEvents[sdk=iphoneos*]" = YES;
				"INFOPLIST_KEY_UIApplicationSupportsIndirectInputEvents[sdk=iphonesimulator*]" = YES;
				"INFOPLIST_KEY_UILaunchScreen_Generation[sdk=iphoneos*]" = YES;
				"INFOPLIST_KEY_UILaunchScreen_Generation[sdk=iphonesimulator*]" = YES;
				"INFOPLIST_KEY_UIStatusBarStyle[sdk=iphoneos*]" = UIStatusBarStyleDefault;
				"INFOPLIST_KEY_UIStatusBarStyle[sdk=iphonesimulator*]" = UIStatusBarStyleDefault;
				INFOPLIST_KEY_UISupportedInterfaceOrientations_iPad = "UIInterfaceOrientationPortrait UIInterfaceOrientationPortraitUpsideDown UIInterfaceOrientationLandscapeLeft UIInterfaceOrientationLandscapeRight";
				INFOPLIST_KEY_UISupportedInterfaceOrientations_iPhone = "UIInterfaceOrientationPortrait UIInterfaceOrientationLandscapeLeft UIInterfaceOrientationLandscapeRight";
				IPHONEOS_DEPLOYMENT_TARGET = 16.2;
				LD_RUNPATH_SEARCH_PATHS = "@executable_path/Frameworks";
				"LD_RUNPATH_SEARCH_PATHS[sdk=macosx*]" = "@executable_path/../Frameworks";
				MACOSX_DEPLOYMENT_TARGET = 12.7;
				MARKETING_VERSION = 1.0;
				PRODUCT_BUNDLE_IDENTIFIER = com.hyel.Chase2D;
				PRODUCT_NAME = "$(TARGET_NAME)";
				SDKROOT = auto;
				SUPPORTED_PLATFORMS = "iphoneos iphonesimulator macosx";
				SWIFT_EMIT_LOC_STRINGS = YES;
				SWIFT_VERSION = 5.0;
				TARGETED_DEVICE_FAMILY = "1,2";
			};
			name = Release;
		};
		9E8F39C82CCC358700F418E3 /* Debug */ = {
			isa = XCBuildConfiguration;
			buildSettings = {
				ALWAYS_EMBED_SWIFT_STANDARD_LIBRARIES = YES;
				BUNDLE_LOADER = "$(TEST_HOST)";
				CODE_SIGN_STYLE = Automatic;
				CURRENT_PROJECT_VERSION = 1;
				GENERATE_INFOPLIST_FILE = YES;
				IPHONEOS_DEPLOYMENT_TARGET = 16.2;
				MACOSX_DEPLOYMENT_TARGET = 12.7;
				MARKETING_VERSION = 1.0;
				PRODUCT_BUNDLE_IDENTIFIER = com.hyel.Chase2DTests;
				PRODUCT_NAME = "$(TARGET_NAME)";
				SDKROOT = auto;
				SUPPORTED_PLATFORMS = "iphoneos iphonesimulator macosx";
				SWIFT_EMIT_LOC_STRINGS = NO;
				SWIFT_VERSION = 5.0;
				TARGETED_DEVICE_FAMILY = "1,2";
				TEST_HOST = "$(BUILT_PRODUCTS_DIR)/Chase2D.app/$(BUNDLE_EXECUTABLE_FOLDER_PATH)/Chase2D";
			};
			name = Debug;
		};
		9E8F39C92CCC358700F418E3 /* Release */ = {
			isa = XCBuildConfiguration;
			buildSettings = {
				ALWAYS_EMBED_SWIFT_STANDARD_LIBRARIES = YES;
				BUNDLE_LOADER = "$(TEST_HOST)";
				CODE_SIGN_STYLE = Automatic;
				CURRENT_PROJECT_VERSION = 1;
				GENERATE_INFOPLIST_FILE = YES;
				IPHONEOS_DEPLOYMENT_TARGET = 16.2;
				MACOSX_DEPLOYMENT_TARGET = 12.7;
				MARKETING_VERSION = 1.0;
				PRODUCT_BUNDLE_IDENTIFIER = com.hyel.Chase2DTests;
				PRODUCT_NAME = "$(TARGET_NAME)";
				SDKROOT = auto;
				SUPPORTED_PLATFORMS = "iphoneos iphonesimulator macosx";
				SWIFT_EMIT_LOC_STRINGS = NO;
				SWIFT_VERSION = 5.0;
				TARGETED_DEVICE_FAMILY = "1,2";
				TEST_HOST = "$(BUILT_PRODUCTS_DIR)/Chase2D.app/$(BUNDLE_EXECUTABLE_FOLDER_PATH)/Chase2D";
			};
			name = Release;
		};
		9E8F39CB2CCC358700F418E3 /* Debug */ = {
			isa = XCBuildConfiguration;
			buildSettings = {
				ALWAYS_EMBED_SWIFT_STANDARD_LIBRARIES = YES;
				CODE_SIGN_STYLE = Automatic;
				CURRENT_PROJECT_VERSION = 1;
				GENERATE_INFOPLIST_FILE = YES;
				IPHONEOS_DEPLOYMENT_TARGET = 16.2;
				MACOSX_DEPLOYMENT_TARGET = 12.7;
				MARKETING_VERSION = 1.0;
				PRODUCT_BUNDLE_IDENTIFIER = com.hyel.Chase2DUITests;
				PRODUCT_NAME = "$(TARGET_NAME)";
				SDKROOT = auto;
				SUPPORTED_PLATFORMS = "iphoneos iphonesimulator macosx";
				SWIFT_EMIT_LOC_STRINGS = NO;
				SWIFT_VERSION = 5.0;
				TARGETED_DEVICE_FAMILY = "1,2";
				TEST_TARGET_NAME = Chase2D;
			};
			name = Debug;
		};
		9E8F39CC2CCC358700F418E3 /* Release */ = {
			isa = XCBuildConfiguration;
			buildSettings = {
				ALWAYS_EMBED_SWIFT_STANDARD_LIBRARIES = YES;
				CODE_SIGN_STYLE = Automatic;
				CURRENT_PROJECT_VERSION = 1;
				GENERATE_INFOPLIST_FILE = YES;
				IPHONEOS_DEPLOYMENT_TARGET = 16.2;
				MACOSX_DEPLOYMENT_TARGET = 12.7;
				MARKETING_VERSION = 1.0;
				PRODUCT_BUNDLE_IDENTIFIER = com.hyel.Chase2DUITests;
				PRODUCT_NAME = "$(TARGET_NAME)";
				SDKROOT = auto;
				SUPPORTED_PLATFORMS = "iphoneos iphonesimulator macosx";
				SWIFT_EMIT_LOC_STRINGS = NO;
				SWIFT_VERSION = 5.0;
				TARGETED_DEVICE_FAMILY = "1,2";
				TEST_TARGET_NAME = Chase2D;
			};
			name = Release;
		};
/* End XCBuildConfiguration section */

/* Begin XCConfigurationList section */
		9E8F399A2CCC358200F418E3 /* Build configuration list for PBXProject "Chase2D" */ = {
			isa = XCConfigurationList;
			buildConfigurations = (
				9E8F39C22CCC358700F418E3 /* Debug */,
				9E8F39C32CCC358700F418E3 /* Release */,
			);
			defaultConfigurationIsVisible = 0;
			defaultConfigurationName = Release;
		};
		9E8F39C42CCC358700F418E3 /* Build configuration list for PBXNativeTarget "Chase2D" */ = {
			isa = XCConfigurationList;
			buildConfigurations = (
				9E8F39C52CCC358700F418E3 /* Debug */,
				9E8F39C62CCC358700F418E3 /* Release */,
			);
			defaultConfigurationIsVisible = 0;
			defaultConfigurationName = Release;
		};
		9E8F39C72CCC358700F418E3 /* Build configuration list for PBXNativeTarget "Chase2DTests" */ = {
			isa = XCConfigurationList;
			buildConfigurations = (
				9E8F39C82CCC358700F418E3 /* Debug */,
				9E8F39C92CCC358700F418E3 /* Release */,
			);
			defaultConfigurationIsVisible = 0;
			defaultConfigurationName = Release;
		};
		9E8F39CA2CCC358700F418E3 /* Build configuration list for PBXNativeTarget "Chase2DUITests" */ = {
			isa = XCConfigurationList;
			buildConfigurations = (
				9E8F39CB2CCC358700F418E3 /* Debug */,
				9E8F39CC2CCC358700F418E3 /* Release */,
			);
			defaultConfigurationIsVisible = 0;
			defaultConfigurationName = Release;
		};
/* End XCConfigurationList section */
	};
	rootObject = 9E8F39972CCC358200F418E3 /* Project object */;
}
